// !$*UTF8*$!
{
	archiveVersion = 1;
	classes = {
	};
	objectVersion = 46;
	objects = {

/* Begin PBXBuildFile section */
		EE1D26CA1C4DC2C60046BE91 /* StringExtensions.swift in Sources */ = {isa = PBXBuildFile; fileRef = EE1D26C91C4DC2C60046BE91 /* StringExtensions.swift */; };
		EE1D26CC1C4DC45C0046BE91 /* EmojiParser.swift in Sources */ = {isa = PBXBuildFile; fileRef = EE1D26CB1C4DC45C0046BE91 /* EmojiParser.swift */; };
		EEB65E401C4D71A5000F7E20 /* EmojiCodeGenerator.swift in Sources */ = {isa = PBXBuildFile; fileRef = EEB65E3F1C4D71A5000F7E20 /* EmojiCodeGenerator.swift */; };
		EEC5EA8D1C4C0E7B0030A52E /* main.swift in Sources */ = {isa = PBXBuildFile; fileRef = EEC5EA8C1C4C0E7B0030A52E /* main.swift */; };
/* End PBXBuildFile section */

/* Begin PBXCopyFilesBuildPhase section */
		EEC5EA871C4C0E7B0030A52E /* CopyFiles */ = {
			isa = PBXCopyFilesBuildPhase;
			buildActionMask = 2147483647;
			dstPath = /usr/share/man/man1/;
			dstSubfolderSpec = 0;
			files = (
			);
			runOnlyForDeploymentPostprocessing = 1;
		};
/* End PBXCopyFilesBuildPhase section */

/* Begin PBXFileReference section */
		EE1D26C91C4DC2C60046BE91 /* StringExtensions.swift */ = {isa = PBXFileReference; fileEncoding = 4; lastKnownFileType = sourcecode.swift; path = StringExtensions.swift; sourceTree = "<group>"; };
		EE1D26CB1C4DC45C0046BE91 /* EmojiParser.swift */ = {isa = PBXFileReference; fileEncoding = 4; lastKnownFileType = sourcecode.swift; path = EmojiParser.swift; sourceTree = "<group>"; };
		EEB65E3F1C4D71A5000F7E20 /* EmojiCodeGenerator.swift */ = {isa = PBXFileReference; fileEncoding = 4; lastKnownFileType = sourcecode.swift; path = EmojiCodeGenerator.swift; sourceTree = "<group>"; };
		EEC5EA891C4C0E7B0030A52E /* EmojiBuilder */ = {isa = PBXFileReference; explicitFileType = "compiled.mach-o.executable"; includeInIndex = 0; path = EmojiBuilder; sourceTree = BUILT_PRODUCTS_DIR; };
		EEC5EA8C1C4C0E7B0030A52E /* main.swift */ = {isa = PBXFileReference; lastKnownFileType = sourcecode.swift; path = main.swift; sourceTree = "<group>"; };
/* End PBXFileReference section */

/* Begin PBXFrameworksBuildPhase section */
		EEC5EA861C4C0E7B0030A52E /* Frameworks */ = {
			isa = PBXFrameworksBuildPhase;
			buildActionMask = 2147483647;
			files = (
			);
			runOnlyForDeploymentPostprocessing = 0;
		};
/* End PBXFrameworksBuildPhase section */

/* Begin PBXGroup section */
		EEC5EA801C4C0E7B0030A52E = {
			isa = PBXGroup;
			children = (
				EEC5EA8B1C4C0E7B0030A52E /* EmojiBuilder */,
				EEC5EA8A1C4C0E7B0030A52E /* Products */,
			);
			sourceTree = "<group>";
		};
		EEC5EA8A1C4C0E7B0030A52E /* Products */ = {
			isa = PBXGroup;
			children = (
				EEC5EA891C4C0E7B0030A52E /* EmojiBuilder */,
			);
			name = Products;
			sourceTree = "<group>";
		};
		EEC5EA8B1C4C0E7B0030A52E /* EmojiBuilder */ = {
			isa = PBXGroup;
			children = (
				EEC5EA8C1C4C0E7B0030A52E /* main.swift */,
				EE1D26CB1C4DC45C0046BE91 /* EmojiParser.swift */,
				EEB65E3F1C4D71A5000F7E20 /* EmojiCodeGenerator.swift */,
				EE1D26C91C4DC2C60046BE91 /* StringExtensions.swift */,
			);
			path = EmojiBuilder;
			sourceTree = "<group>";
		};
/* End PBXGroup section */

/* Begin PBXNativeTarget section */
		EEC5EA881C4C0E7B0030A52E /* EmojiBuilder */ = {
			isa = PBXNativeTarget;
			buildConfigurationList = EEC5EA901C4C0E7B0030A52E /* Build configuration list for PBXNativeTarget "EmojiBuilder" */;
			buildPhases = (
				EEC5EA851C4C0E7B0030A52E /* Sources */,
				EEC5EA861C4C0E7B0030A52E /* Frameworks */,
				EEC5EA871C4C0E7B0030A52E /* CopyFiles */,
			);
			buildRules = (
			);
			dependencies = (
			);
			name = EmojiBuilder;
			productName = EmojiBuilder2;
			productReference = EEC5EA891C4C0E7B0030A52E /* EmojiBuilder */;
			productType = "com.apple.product-type.tool";
		};
/* End PBXNativeTarget section */

/* Begin PBXProject section */
		EEC5EA811C4C0E7B0030A52E /* Project object */ = {
			isa = PBXProject;
			attributes = {
				LastSwiftUpdateCheck = 0720;
				LastUpgradeCheck = 0720;
				ORGANIZATIONNAME = "Skye Freeman";
				TargetAttributes = {
					EEC5EA881C4C0E7B0030A52E = {
						CreatedOnToolsVersion = 7.2;
					};
				};
			};
			buildConfigurationList = EEC5EA841C4C0E7B0030A52E /* Build configuration list for PBXProject "EmojiBuilder" */;
			compatibilityVersion = "Xcode 3.2";
			developmentRegion = English;
			hasScannedForEncodings = 0;
			knownRegions = (
				en,
			);
			mainGroup = EEC5EA801C4C0E7B0030A52E;
			productRefGroup = EEC5EA8A1C4C0E7B0030A52E /* Products */;
			projectDirPath = "";
			projectRoot = "";
			targets = (
				EEC5EA881C4C0E7B0030A52E /* EmojiBuilder */,
			);
		};
/* End PBXProject section */

/* Begin PBXSourcesBuildPhase section */
		EEC5EA851C4C0E7B0030A52E /* Sources */ = {
			isa = PBXSourcesBuildPhase;
			buildActionMask = 2147483647;
			files = (
				EE1D26CA1C4DC2C60046BE91 /* StringExtensions.swift in Sources */,
				EEC5EA8D1C4C0E7B0030A52E /* main.swift in Sources */,
				EEB65E401C4D71A5000F7E20 /* EmojiCodeGenerator.swift in Sources */,
				EE1D26CC1C4DC45C0046BE91 /* EmojiParser.swift in Sources */,
			);
			runOnlyForDeploymentPostprocessing = 0;
		};
/* End PBXSourcesBuildPhase section */

/* Begin XCBuildConfiguration section */
		EEC5EA8E1C4C0E7B0030A52E /* Debug */ = {
			isa = XCBuildConfiguration;
			buildSettings = {
				ALWAYS_SEARCH_USER_PATHS = NO;
				CLANG_CXX_LANGUAGE_STANDARD = "gnu++0x";
				CLANG_CXX_LIBRARY = "libc++";
				CLANG_ENABLE_MODULES = YES;
				CLANG_ENABLE_OBJC_ARC = YES;
				CLANG_WARN_BOOL_CONVERSION = YES;
				CLANG_WARN_CONSTANT_CONVERSION = YES;
				CLANG_WARN_DIRECT_OBJC_ISA_USAGE = YES_ERROR;
				CLANG_WARN_EMPTY_BODY = YES;
				CLANG_WARN_ENUM_CONVERSION = YES;
				CLANG_WARN_INT_CONVERSION = YES;
				CLANG_WARN_OBJC_ROOT_CLASS = YES_ERROR;
				CLANG_WARN_UNREACHABLE_CODE = YES;
				CLANG_WARN__DUPLICATE_METHOD_MATCH = YES;
				CODE_SIGN_IDENTITY = "-";
				COPY_PHASE_STRIP = NO;
				DEBUG_INFORMATION_FORMAT = dwarf;
				ENABLE_STRICT_OBJC_MSGSEND = YES;
				ENABLE_TESTABILITY = YES;
				GCC_C_LANGUAGE_STANDARD = gnu99;
				GCC_DYNAMIC_NO_PIC = NO;
				GCC_NO_COMMON_BLOCKS = YES;
				GCC_OPTIMIZATION_LEVEL = 0;
				GCC_PREPROCESSOR_DEFINITIONS = (
					"DEBUG=1",
					"$(inherited)",
				);
				GCC_WARN_64_TO_32_BIT_CONVERSION = YES;
				GCC_WARN_ABOUT_RETURN_TYPE = YES_ERROR;
				GCC_WARN_UNDECLARED_SELECTOR = YES;
				GCC_WARN_UNINITIALIZED_AUTOS = YES_AGGRESSIVE;
				GCC_WARN_UNUSED_FUNCTION = YES;
				GCC_WARN_UNUSED_VARIABLE = YES;
				MACOSX_DEPLOYMENT_TARGET = 10.10;
				MTL_ENABLE_DEBUG_INFO = YES;
				ONLY_ACTIVE_ARCH = YES;
				SDKROOT = macosx;
				SWIFT_OPTIMIZATION_LEVEL = "-Onone";
			};
			name = Debug;
		};
		EEC5EA8F1C4C0E7B0030A52E /* Release */ = {
			isa = XCBuildConfiguration;
			buildSettings = {
				ALWAYS_SEARCH_USER_PATHS = NO;
				CLANG_CXX_LANGUAGE_STANDARD = "gnu++0x";
				CLANG_CXX_LIBRARY = "libc++";
				CLANG_ENABLE_MODULES = YES;
				CLANG_ENABLE_OBJC_ARC = YES;
				CLANG_WARN_BOOL_CONVERSION = YES;
				CLANG_WARN_CONSTANT_CONVERSION = YES;
				CLANG_WARN_DIRECT_OBJC_ISA_USAGE = YES_ERROR;
				CLANG_WARN_EMPTY_BODY = YES;
				CLANG_WARN_ENUM_CONVERSION = YES;
				CLANG_WARN_INT_CONVERSION = YES;
				CLANG_WARN_OBJC_ROOT_CLASS = YES_ERROR;
				CLANG_WARN_UNREACHABLE_CODE = YES;
				CLANG_WARN__DUPLICATE_METHOD_MATCH = YES;
				CODE_SIGN_IDENTITY = "-";
				COPY_PHASE_STRIP = NO;
				DEBUG_INFORMATION_FORMAT = "dwarf-with-dsym";
				ENABLE_NS_ASSERTIONS = NO;
				ENABLE_STRICT_OBJC_MSGSEND = YES;
				GCC_C_LANGUAGE_STANDARD = gnu99;
				GCC_NO_COMMON_BLOCKS = YES;
				GCC_WARN_64_TO_32_BIT_CONVERSION = YES;
				GCC_WARN_ABOUT_RETURN_TYPE = YES_ERROR;
				GCC_WARN_UNDECLARED_SELECTOR = YES;
				GCC_WARN_UNINITIALIZED_AUTOS = YES_AGGRESSIVE;
				GCC_WARN_UNUSED_FUNCTION = YES;
				GCC_WARN_UNUSED_VARIABLE = YES;
				MACOSX_DEPLOYMENT_TARGET = 10.10;
				MTL_ENABLE_DEBUG_INFO = NO;
				SDKROOT = macosx;
			};
			name = Release;
		};
		EEC5EA911C4C0E7B0030A52E /* Debug */ = {
			isa = XCBuildConfiguration;
			buildSettings = {
				PRODUCT_NAME = EmojiBuilder;
			};
			name = Debug;
		};
		EEC5EA921C4C0E7B0030A52E /* Release */ = {
			isa = XCBuildConfiguration;
			buildSettings = {
				PRODUCT_NAME = EmojiBuilder;
			};
			name = Release;
		};
/* End XCBuildConfiguration section */

/* Begin XCConfigurationList section */
		EEC5EA841C4C0E7B0030A52E /* Build configuration list for PBXProject "EmojiBuilder" */ = {
			isa = XCConfigurationList;
			buildConfigurations = (
				EEC5EA8E1C4C0E7B0030A52E /* Debug */,
				EEC5EA8F1C4C0E7B0030A52E /* Release */,
			);
			defaultConfigurationIsVisible = 0;
			defaultConfigurationName = Release;
		};
		EEC5EA901C4C0E7B0030A52E /* Build configuration list for PBXNativeTarget "EmojiBuilder" */ = {
			isa = XCConfigurationList;
			buildConfigurations = (
				EEC5EA911C4C0E7B0030A52E /* Debug */,
				EEC5EA921C4C0E7B0030A52E /* Release */,
			);
			defaultConfigurationIsVisible = 0;
			defaultConfigurationName = Release;
		};
/* End XCConfigurationList section */
	};
	rootObject = EEC5EA811C4C0E7B0030A52E /* Project object */;
}
